
Microsoft Visual Studio Solution File, Format Version 12.00
# Visual Studio Version 17
VisualStudioVersion = 17.8.34330.188
MinimumVisualStudioVersion = 10.0.40219.1
Project("{FAE04EC0-301F-11D3-BF4B-00C04F79EFBC}") = "ZadatakA14-DistribucijaLekova", "ZadatakA14-DistribucijaLekova\ZadatakA14-DistribucijaLekova.csproj", "{0EF52A3C-F454-4A24-91F0-DD60C2F84AF3}"
EndProject
Global
	GlobalSection(SolutionConfigurationPlatforms) = preSolution
		Debug|Any CPU = Debug|Any CPU
		Release|Any CPU = Release|Any CPU
	EndGlobalSection
	GlobalSection(ProjectConfigurationPlatforms) = postSolution
		{0EF52A3C-F454-4A24-91F0-DD60C2F84AF3}.Debug|Any CPU.ActiveCfg = Debug|Any CPU
		{0EF52A3C-F454-4A24-91F0-DD60C2F84AF3}.Debug|Any CPU.Build.0 = Debug|Any CPU
		{0EF52A3C-F454-4A24-91F0-DD60C2F84AF3}.Release|Any CPU.ActiveCfg = Release|Any CPU
		{0EF52A3C-F454-4A24-91F0-DD60C2F84AF3}.Release|Any CPU.Build.0 = Release|Any CPU
	EndGlobalSection
	GlobalSection(SolutionProperties) = preSolution
		HideSolutionNode = FALSE
	EndGlobalSection
	GlobalSection(ExtensibilityGlobals) = postSolution
		SolutionGuid = {AED78415-25D7-406B-B7DB-724E7947A333}
	EndGlobalSection
EndGlobal
